Microsoft Visual Studio Solution File, Format Version 12.00
# Visual Studio Version 17
VisualStudioVersion = 17.5.2.0
MinimumVisualStudioVersion = 10.0.40219.1
Project("{FAE04EC0-301F-11D3-BF4B-00C04F79EFBC}") = "SurveyBasket", "SurveyBasket\SurveyBasket.csproj", "{214FD48C-494A-56A4-341D-53BCAF1DF9D6}"
EndProject
Global
	GlobalSection(SolutionConfigurationPlatforms) = preSolution
		Debug|Any CPU = Debug|Any CPU
		Release|Any CPU = Release|Any CPU
	EndGlobalSection
	GlobalSection(ProjectConfigurationPlatforms) = postSolution
		{214FD48C-494A-56A4-341D-53BCAF1DF9D6}.Debug|Any CPU.ActiveCfg = Debug|Any CPU
		{214FD48C-494A-56A4-341D-53BCAF1DF9D6}.Debug|Any CPU.Build.0 = Debug|Any CPU
		{214FD48C-494A-56A4-341D-53BCAF1DF9D6}.Release|Any CPU.ActiveCfg = Release|Any CPU
		{214FD48C-494A-56A4-341D-53BCAF1DF9D6}.Release|Any CPU.Build.0 = Release|Any CPU
	EndGlobalSection
	GlobalSection(SolutionProperties) = preSolution
		HideSolutionNode = FALSE
	EndGlobalSection
	GlobalSection(ExtensibilityGlobals) = postSolution
		SolutionGuid = {FC76E41A-EEED-4C7A-B3E8-2CE84D8102DE}
	EndGlobalSection
EndGlobal
